{
  "nodes": {
    "flakeNimbleLib": {
      "inputs": {
        "nixpkgs": [
          "nixpkgs"
        ]
      },
      "locked": {
        "lastModified": 1647920574,
        "narHash": "sha256-D3ob5QykELhyNcTnISOkjEzLlgXltwON8Ucrz5cpiQI=",
        "owner": "riinr",
        "repo": "nim-flakes-lib",
        "rev": "bfb46a1f762002f07f9d81d93dacd544c6890623",
        "type": "github"
      },
      "original": {
        "owner": "riinr",
        "ref": "master",
        "repo": "nim-flakes-lib",
        "type": "github"
      }
    },
    "nixpkgs": {
      "locked": {
        "narHash": "sha256-sK1Ow//80EKE3bAF5d+2gB8vPXw6m5TBk3wSLHvdVe0=",
        "path": "/nix/store/0yqgkbpmsk7ck4s34wk505sfdd9vils4-source",
        "type": "path"
      },
      "original": {
        "id": "nixpkgs",
        "type": "indirect"
      }
    },
    "q": {
      "inputs": {
        "flakeNimbleLib": [
          "flakeNimbleLib"
        ],
        "nixpkgs": [
          "nixpkgs"
        ],
        "src-q-0_0_8": "src-q-0_0_8"
      },
      "locked": {
        "dir": "0_0_8",
        "lastModified": 1647934937,
        "narHash": "sha256-kq1GcCZAbNnecryJmS4g8yquxjV5p3g0XYahChASu1c=",
        "owner": "nim-nix-pkgs",
        "repo": "q",
        "rev": "be7870bd9d2bcd78b2a8aac7850256a783255655",
        "type": "github"
      },
      "original": {
        "dir": "0_0_8",
        "owner": "nim-nix-pkgs",
        "ref": "master",
        "repo": "q",
        "type": "github"
      }
    },
    "root": {
      "inputs": {
        "flakeNimbleLib": "flakeNimbleLib",
        "nixpkgs": "nixpkgs",
        "q": "q",
        "src-uibuilder-0_1_0": "src-uibuilder-0_1_0",
        "ui": "ui"
      }
    },
    "src-q-0_0_8": {
      "flake": false,
      "locked": {
        "lastModified": 1642128133,
        "narHash": "sha256-juYoPW1pIizSNeEf203gs/3zm64iHxzV41fKFeSuqaY=",
        "owner": "OpenSystemsLab",
        "repo": "q.nim",
        "rev": "7931d15c8e5bbd50a3d1188fc95fd9fd347cb130",
        "type": "github"
      },
      "original": {
        "owner": "OpenSystemsLab",
        "ref": "refs/tags/0.0.8",
        "repo": "q.nim",
        "type": "github"
      }
    },
    "src-ui-master": {
      "flake": false,
      "locked": {
        "lastModified": 1634117726,
        "narHash": "sha256-rcvC0TO1r2zU7WEYfcsi/qX+nRITwKj7Fkqd4fHgTwU=",
        "owner": "nim-lang",
        "repo": "ui",
        "rev": "547e1cea8e9fb68c138c422b77af0a3152e50210",
        "type": "github"
      },
      "original": {
        "owner": "nim-lang",
        "ref": "refs/heads/master",
        "repo": "ui",
        "type": "github"
      }
    },
    "src-uibuilder-0_1_0": {
      "flake": false,
      "locked": {
        "lastModified": 1534232798,
        "narHash": "sha256-xWUqZz/QloNTD25guUkhzmuML5L4884FxkFjrQGdbRQ=",
        "owner": "ba0f3",
        "repo": "uibuilder.nim",
        "rev": "b62e03700b8f388b6707081640eeca6af5371b2c",
        "type": "github"
      },
      "original": {
        "owner": "ba0f3",
        "ref": "refs/tags/0.1.0",
        "repo": "uibuilder.nim",
        "type": "github"
      }
    },
    "ui": {
      "inputs": {
        "flakeNimbleLib": [
          "flakeNimbleLib"
        ],
        "nixpkgs": [
          "nixpkgs"
        ],
        "ui-master": "ui-master"
      },
      "locked": {
        "lastModified": 1647935043,
        "narHash": "sha256-/3ty8Up4i9ubNpJNRGsEkruLtTCipEfIj4J57ohogKU=",
        "owner": "nim-nix-pkgs",
        "repo": "ui",
        "rev": "2ed017d00b680c349b6cf9d78ca05c615c77185f",
        "type": "github"
      },
      "original": {
        "owner": "nim-nix-pkgs",
        "ref": "master",
        "repo": "ui",
        "type": "github"
      }
    },
    "ui-master": {
      "inputs": {
        "flakeNimbleLib": [
          "ui",
          "flakeNimbleLib"
        ],
        "nixpkgs": [
          "ui",
          "nixpkgs"
        ],
        "src-ui-master": "src-ui-master"
      },
      "locked": {
        "dir": "master",
        "lastModified": 1647935043,
        "narHash": "sha256-/3ty8Up4i9ubNpJNRGsEkruLtTCipEfIj4J57ohogKU=",
        "owner": "nim-nix-pkgs",
        "repo": "ui",
        "rev": "2ed017d00b680c349b6cf9d78ca05c615c77185f",
        "type": "github"
      },
      "original": {
        "dir": "master",
        "owner": "nim-nix-pkgs",
        "ref": "master",
        "repo": "ui",
        "type": "github"
      }
    }
  },
  "root": "root",
  "version": 7
}
